
Microsoft Visual Studio Solution File, Format Version 12.00
# Visual Studio Version 17
VisualStudioVersion = 17.0.31903.59
MinimumVisualStudioVersion = 10.0.40219.1
Project("{888888A0-9F3D-457C-B088-3A5042F75D52}") = "lists_dz", "lists_dz\lists_dz.pyproj", "{32E7F951-880E-4911-B784-F5570E08EF08}"
EndProject
Global
	GlobalSection(SolutionConfigurationPlatforms) = preSolution
		Debug|Any CPU = Debug|Any CPU
		Release|Any CPU = Release|Any CPU
	EndGlobalSection
	GlobalSection(ProjectConfigurationPlatforms) = postSolution
		{32E7F951-880E-4911-B784-F5570E08EF08}.Debug|Any CPU.ActiveCfg = Debug|Any CPU
		{32E7F951-880E-4911-B784-F5570E08EF08}.Release|Any CPU.ActiveCfg = Release|Any CPU
	EndGlobalSection
	GlobalSection(SolutionProperties) = preSolution
		HideSolutionNode = FALSE
	EndGlobalSection
	GlobalSection(ExtensibilityGlobals) = postSolution
		SolutionGuid = {EF7E109B-69A6-4B2B-9C35-0C2E5C48D903}
	EndGlobalSection
EndGlobal
